
Microsoft Visual Studio Solution File, Format Version 12.00
# Visual Studio Version 16
VisualStudioVersion = 16.0.28803.156
MinimumVisualStudioVersion = 10.0.40219.1
Project("{FAE04EC0-301F-11D3-BF4B-00C04F79EFBC}") = "Ror2-Commando-DoubleTap", "Ror2-Commando-DoubleTap\Ror2-Commando-DoubleTap.csproj", "{D8B8F982-E83F-4356-BA3B-8D8F30FF98BE}"
EndProject
Global
	GlobalSection(SolutionConfigurationPlatforms) = preSolution
		Debug|Any CPU = Debug|Any CPU
		Release|Any CPU = Release|Any CPU
	EndGlobalSection
	GlobalSection(ProjectConfigurationPlatforms) = postSolution
		{D8B8F982-E83F-4356-BA3B-8D8F30FF98BE}.Debug|Any CPU.ActiveCfg = Debug|Any CPU
		{D8B8F982-E83F-4356-BA3B-8D8F30FF98BE}.Debug|Any CPU.Build.0 = Debug|Any CPU
		{D8B8F982-E83F-4356-BA3B-8D8F30FF98BE}.Release|Any CPU.ActiveCfg = Release|Any CPU
		{D8B8F982-E83F-4356-BA3B-8D8F30FF98BE}.Release|Any CPU.Build.0 = Release|Any CPU
	EndGlobalSection
	GlobalSection(SolutionProperties) = preSolution
		HideSolutionNode = FALSE
	EndGlobalSection
	GlobalSection(ExtensibilityGlobals) = postSolution
		SolutionGuid = {3BE53640-DA58-4571-B3F5-3DC99E51AEC0}
	EndGlobalSection
EndGlobal
